
Microsoft Visual Studio Solution File, Format Version 12.00
# Visual Studio 15
VisualStudioVersion = 15.0.26730.12
MinimumVisualStudioVersion = 10.0.40219.1
Project("{E24C65DC-7377-472B-9ABA-BC803B73C61A}") = "Week 4", "..\", "{6881C672-0406-44C1-9AB9-B0F3B3E46325}"
	ProjectSection(WebsiteProperties) = preProject
		TargetFrameworkMoniker = ".NETFramework,Version%3Dv4.6.1"
		Debug.AspNetCompiler.VirtualPath = "/localhost_5532"
		Debug.AspNetCompiler.PhysicalPath = "..\..\Week 4\"
		Debug.AspNetCompiler.TargetPath = "PrecompiledWeb\localhost_5532\"
		Debug.AspNetCompiler.Updateable = "true"
		Debug.AspNetCompiler.ForceOverwrite = "true"
		Debug.AspNetCompiler.FixedNames = "false"
		Debug.AspNetCompiler.Debug = "True"
		Release.AspNetCompiler.VirtualPath = "/localhost_5532"
		Release.AspNetCompiler.PhysicalPath = "..\..\Week 4\"
		Release.AspNetCompiler.TargetPath = "PrecompiledWeb\localhost_5532\"
		Release.AspNetCompiler.Updateable = "true"
		Release.AspNetCompiler.ForceOverwrite = "true"
		Release.AspNetCompiler.FixedNames = "false"
		Release.AspNetCompiler.Debug = "False"
		VWDPort = "5532"
		SlnRelativePath = "..\..\Week 4\"
		DefaultWebSiteLanguage = "Visual C#"
	EndProjectSection
EndProject
Global
	GlobalSection(SolutionConfigurationPlatforms) = preSolution
		Debug|Any CPU = Debug|Any CPU
	EndGlobalSection
	GlobalSection(ProjectConfigurationPlatforms) = postSolution
		{6881C672-0406-44C1-9AB9-B0F3B3E46325}.Debug|Any CPU.ActiveCfg = Debug|Any CPU
		{6881C672-0406-44C1-9AB9-B0F3B3E46325}.Debug|Any CPU.Build.0 = Debug|Any CPU
	EndGlobalSection
	GlobalSection(SolutionProperties) = preSolution
		HideSolutionNode = FALSE
	EndGlobalSection
	GlobalSection(ExtensibilityGlobals) = postSolution
		SolutionGuid = {0388ED99-4958-4C88-8ED0-273DC8D142E3}
	EndGlobalSection
EndGlobal
